// !$*UTF8*$!
{
	archiveVersion = 1;
	classes = {
	};
	objectVersion = 46;
	objects = {

/* Begin PBXBuildFile section */
		4A7057D91991E96700D40AB1 /* player_bg.png in Resources */ = {isa = PBXBuildFile; fileRef = 4A7057C71991E96700D40AB1 /* player_bg.png */; };
		4A7057DA1991E96700D40AB1 /* player_bg@2x.png in Resources */ = {isa = PBXBuildFile; fileRef = 4A7057C81991E96700D40AB1 /* player_bg@2x.png */; };
		4A7057DB1991E96700D40AB1 /* player_bubble.png in Resources */ = {isa = PBXBuildFile; fileRef = 4A7057C91991E96700D40AB1 /* player_bubble.png */; };
		4A7057DC1991E96700D40AB1 /* player_bubble@2x.png in Resources */ = {isa = PBXBuildFile; fileRef = 4A7057CA1991E96700D40AB1 /* player_bubble@2x.png */; };
		4A7057DD1991E96700D40AB1 /* player_circle.png in Resources */ = {isa = PBXBuildFile; fileRef = 4A7057CB1991E96700D40AB1 /* player_circle.png */; };
		4A7057DE1991E96700D40AB1 /* player_circle@2x.png in Resources */ = {isa = PBXBuildFile; fileRef = 4A7057CC1991E96700D40AB1 /* player_circle@2x.png */; };
		4A7057DF1991E96700D40AB1 /* player_pause.png in Resources */ = {isa = PBXBuildFile; fileRef = 4A7057CD1991E96700D40AB1 /* player_pause.png */; };
		4A7057E01991E96700D40AB1 /* player_pause@2x.png in Resources */ = {isa = PBXBuildFile; fileRef = 4A7057CE1991E96700D40AB1 /* player_pause@2x.png */; };
		4A7057E11991E96700D40AB1 /* player_play.png in Resources */ = {isa = PBXBuildFile; fileRef = 4A7057CF1991E96700D40AB1 /* player_play.png */; };
		4A7057E21991E96700D40AB1 /* player_play@2x.png in Resources */ = {isa = PBXBuildFile; fileRef = 4A7057D01991E96700D40AB1 /* player_play@2x.png */; };
		4A7057E31991E96700D40AB1 /* player_player_bg.png in Resources */ = {isa = PBXBuildFile; fileRef = 4A7057D11991E96700D40AB1 /* player_player_bg.png */; };
		4A7057E41991E96700D40AB1 /* player_player_bg@2x.png in Resources */ = {isa = PBXBuildFile; fileRef = 4A7057D21991E96700D40AB1 /* player_player_bg@2x.png */; };
		4A7057E51991E96700D40AB1 /* player_progress_bg.png in Resources */ = {isa = PBXBuildFile; fileRef = 4A7057D31991E96700D40AB1 /* player_progress_bg.png */; };
		4A7057E61991E96700D40AB1 /* player_progress_bg@2x.png in Resources */ = {isa = PBXBuildFile; fileRef = 4A7057D41991E96700D40AB1 /* player_progress_bg@2x.png */; };
		4A7057E71991E96700D40AB1 /* player_progress_blue.png in Resources */ = {isa = PBXBuildFile; fileRef = 4A7057D51991E96700D40AB1 /* player_progress_blue.png */; };
		4A7057E81991E96700D40AB1 /* player_progress_blue@2x.png in Resources */ = {isa = PBXBuildFile; fileRef = 4A7057D61991E96700D40AB1 /* player_progress_blue@2x.png */; };
		4A7057ED1991F07600D40AB1 /* SoundManager.m in Sources */ = {isa = PBXBuildFile; fileRef = 4A7057EC1991F07600D40AB1 /* SoundManager.m */; };
		4A7057F51991FC5600D40AB1 /* track1.caf in Resources */ = {isa = PBXBuildFile; fileRef = 4A7057F41991FC5000D40AB1 /* track1.caf */; };
		4A7057F9199204B600D40AB1 /* MasterViewController.m in Sources */ = {isa = PBXBuildFile; fileRef = 4A7057F7199204B600D40AB1 /* MasterViewController.m */; };
		4A7057FA199204B600D40AB1 /* MasterViewController.xib in Resources */ = {isa = PBXBuildFile; fileRef = 4A7057F8199204B600D40AB1 /* MasterViewController.xib */; };
		4A7057FD19920C1500D40AB1 /* ServerManager.m in Sources */ = {isa = PBXBuildFile; fileRef = 4A7057FC19920C1500D40AB1 /* ServerManager.m */; };
		4A70580019920F4F00D40AB1 /* PlayListManager.m in Sources */ = {isa = PBXBuildFile; fileRef = 4A7057FF19920F4F00D40AB1 /* PlayListManager.m */; };
		4A70580319976D9400D40AB1 /* SongMetadata.m in Sources */ = {isa = PBXBuildFile; fileRef = 4A70580219976D9400D40AB1 /* SongMetadata.m */; };
		4A705806199B571300D40AB1 /* FullScreenView.xib in Resources */ = {isa = PBXBuildFile; fileRef = 4A705805199B571300D40AB1 /* FullScreenView.xib */; };
		4A705809199B574900D40AB1 /* FullsScreenViewController.m in Sources */ = {isa = PBXBuildFile; fileRef = 4A705808199B574900D40AB1 /* FullsScreenViewController.m */; };
		4AE0F6121990BDFD003E2BD3 /* Cocoa.framework in Frameworks */ = {isa = PBXBuildFile; fileRef = 4AE0F6111990BDFD003E2BD3 /* Cocoa.framework */; };
		4AE0F61C1990BDFD003E2BD3 /* InfoPlist.strings in Resources */ = {isa = PBXBuildFile; fileRef = 4AE0F61A1990BDFD003E2BD3 /* InfoPlist.strings */; };
		4AE0F61E1990BDFD003E2BD3 /* main.m in Sources */ = {isa = PBXBuildFile; fileRef = 4AE0F61D1990BDFD003E2BD3 /* main.m */; settings = {COMPILER_FLAGS = "-fno-objc-arc"; }; };
		4AE0F6221990BDFD003E2BD3 /* Credits.rtf in Resources */ = {isa = PBXBuildFile; fileRef = 4AE0F6201990BDFD003E2BD3 /* Credits.rtf */; };
		4AE0F6251990BDFD003E2BD3 /* AppDelegate.m in Sources */ = {isa = PBXBuildFile; fileRef = 4AE0F6241990BDFD003E2BD3 /* AppDelegate.m */; };
		4AE0F6281990BDFD003E2BD3 /* MainMenu.xib in Resources */ = {isa = PBXBuildFile; fileRef = 4AE0F6261990BDFD003E2BD3 /* MainMenu.xib */; };
		4AE0F62A1990BDFD003E2BD3 /* Images.xcassets in Resources */ = {isa = PBXBuildFile; fileRef = 4AE0F6291990BDFD003E2BD3 /* Images.xcassets */; };
		4AE0F6311990BDFD003E2BD3 /* XCTest.framework in Frameworks */ = {isa = PBXBuildFile; fileRef = 4AE0F6301990BDFD003E2BD3 /* XCTest.framework */; };
		4AE0F6321990BDFD003E2BD3 /* Cocoa.framework in Frameworks */ = {isa = PBXBuildFile; fileRef = 4AE0F6111990BDFD003E2BD3 /* Cocoa.framework */; };
		4AE0F63A1990BDFD003E2BD3 /* InfoPlist.strings in Resources */ = {isa = PBXBuildFile; fileRef = 4AE0F6381990BDFD003E2BD3 /* InfoPlist.strings */; };
		4AE0F63C1990BDFD003E2BD3 /* PartyAppTests.m in Sources */ = {isa = PBXBuildFile; fileRef = 4AE0F63B1990BDFD003E2BD3 /* PartyAppTests.m */; };
		4AE0F69A1990BEE6003E2BD3 /* ASIDataCompressor.m in Sources */ = {isa = PBXBuildFile; fileRef = 4AE0F64B1990BEE6003E2BD3 /* ASIDataCompressor.m */; settings = {COMPILER_FLAGS = "-fno-objc-arc"; }; };
		4AE0F69B1990BEE6003E2BD3 /* ASIDataDecompressor.m in Sources */ = {isa = PBXBuildFile; fileRef = 4AE0F64D1990BEE6003E2BD3 /* ASIDataDecompressor.m */; settings = {COMPILER_FLAGS = "-fno-objc-arc"; }; };
		4AE0F69C1990BEE6003E2BD3 /* ASIDownloadCache.m in Sources */ = {isa = PBXBuildFile; fileRef = 4AE0F64F1990BEE6003E2BD3 /* ASIDownloadCache.m */; settings = {COMPILER_FLAGS = "-fno-objc-arc"; }; };
		4AE0F69D1990BEE6003E2BD3 /* ASIFormDataRequest.m in Sources */ = {isa = PBXBuildFile; fileRef = 4AE0F6511990BEE6003E2BD3 /* ASIFormDataRequest.m */; settings = {COMPILER_FLAGS = "-fno-objc-arc"; }; };
		4AE0F69E1990BEE6003E2BD3 /* ASIHTTPRequest.m in Sources */ = {isa = PBXBuildFile; fileRef = 4AE0F6531990BEE6003E2BD3 /* ASIHTTPRequest.m */; settings = {COMPILER_FLAGS = "-fno-objc-arc"; }; };
		4AE0F69F1990BEE6003E2BD3 /* ASIInputStream.m in Sources */ = {isa = PBXBuildFile; fileRef = 4AE0F6571990BEE6003E2BD3 /* ASIInputStream.m */; settings = {COMPILER_FLAGS = "-fno-objc-arc"; }; };
		4AE0F6A01990BEE6003E2BD3 /* ASINetworkQueue.m in Sources */ = {isa = PBXBuildFile; fileRef = 4AE0F6591990BEE6003E2BD3 /* ASINetworkQueue.m */; settings = {COMPILER_FLAGS = "-fno-objc-arc"; }; };
		4AE0F6BF1990E160003E2BD3 /* CFNetwork.framework in Frameworks */ = {isa = PBXBuildFile; fileRef = 4AE0F6BE1990E160003E2BD3 /* CFNetwork.framework */; };
		4AE0F6C11990E175003E2BD3 /* SystemConfiguration.framework in Frameworks */ = {isa = PBXBuildFile; fileRef = 4AE0F6C01990E175003E2BD3 /* SystemConfiguration.framework */; };
		4AE0F6C31990E18D003E2BD3 /* CoreGraphics.framework in Frameworks */ = {isa = PBXBuildFile; fileRef = 4AE0F6C21990E18D003E2BD3 /* CoreGraphics.framework */; };
		4AE0F6C51990E198003E2BD3 /* libz.dylib in Frameworks */ = {isa = PBXBuildFile; fileRef = 4AE0F6C41990E198003E2BD3 /* libz.dylib */; };
		4AF45E0519AC7963009EC8D3 /* SongBrowserViewController.m in Sources */ = {isa = PBXBuildFile; fileRef = 4AF45E0319AC7963009EC8D3 /* SongBrowserViewController.m */; };
		4AF45E0619AC7963009EC8D3 /* SongBrowserViewController.xib in Resources */ = {isa = PBXBuildFile; fileRef = 4AF45E0419AC7963009EC8D3 /* SongBrowserViewController.xib */; };
/* End PBXBuildFile section */

/* Begin PBXContainerItemProxy section */
		4AE0F6331990BDFD003E2BD3 /* PBXContainerItemProxy */ = {
			isa = PBXContainerItemProxy;
			containerPortal = 4AE0F6061990BDFD003E2BD3 /* Project object */;
			proxyType = 1;
			remoteGlobalIDString = 4AE0F60D1990BDFD003E2BD3;
			remoteInfo = PartyApp;
		};
/* End PBXContainerItemProxy section */

/* Begin PBXFileReference section */
		4A7057C71991E96700D40AB1 /* player_bg.png */ = {isa = PBXFileReference; lastKnownFileType = image.png; path = player_bg.png; sourceTree = "<group>"; };
		4A7057C81991E96700D40AB1 /* player_bg@2x.png */ = {isa = PBXFileReference; lastKnownFileType = image.png; path = "player_bg@2x.png"; sourceTree = "<group>"; };
		4A7057C91991E96700D40AB1 /* player_bubble.png */ = {isa = PBXFileReference; lastKnownFileType = image.png; path = player_bubble.png; sourceTree = "<group>"; };
		4A7057CA1991E96700D40AB1 /* player_bubble@2x.png */ = {isa = PBXFileReference; lastKnownFileType = image.png; path = "player_bubble@2x.png"; sourceTree = "<group>"; };
		4A7057CB1991E96700D40AB1 /* player_circle.png */ = {isa = PBXFileReference; lastKnownFileType = image.png; path = player_circle.png; sourceTree = "<group>"; };
		4A7057CC1991E96700D40AB1 /* player_circle@2x.png */ = {isa = PBXFileReference; lastKnownFileType = image.png; path = "player_circle@2x.png"; sourceTree = "<group>"; };
		4A7057CD1991E96700D40AB1 /* player_pause.png */ = {isa = PBXFileReference; lastKnownFileType = image.png; path = player_pause.png; sourceTree = "<group>"; };
		4A7057CE1991E96700D40AB1 /* player_pause@2x.png */ = {isa = PBXFileReference; lastKnownFileType = image.png; path = "player_pause@2x.png"; sourceTree = "<group>"; };
		4A7057CF1991E96700D40AB1 /* player_play.png */ = {isa = PBXFileReference; lastKnownFileType = image.png; path = player_play.png; sourceTree = "<group>"; };
		4A7057D01991E96700D40AB1 /* player_play@2x.png */ = {isa = PBXFileReference; lastKnownFileType = image.png; path = "player_play@2x.png"; sourceTree = "<group>"; };
		4A7057D11991E96700D40AB1 /* player_player_bg.png */ = {isa = PBXFileReference; lastKnownFileType = image.png; path = player_player_bg.png; sourceTree = "<group>"; };
		4A7057D21991E96700D40AB1 /* player_player_bg@2x.png */ = {isa = PBXFileReference; lastKnownFileType = image.png; path = "player_player_bg@2x.png"; sourceTree = "<group>"; };
		4A7057D31991E96700D40AB1 /* player_progress_bg.png */ = {isa = PBXFileReference; lastKnownFileType = image.png; path = player_progress_bg.png; sourceTree = "<group>"; };
		4A7057D41991E96700D40AB1 /* player_progress_bg@2x.png */ = {isa = PBXFileReference; lastKnownFileType = image.png; path = "player_progress_bg@2x.png"; sourceTree = "<group>"; };
		4A7057D51991E96700D40AB1 /* player_progress_blue.png */ = {isa = PBXFileReference; lastKnownFileType = image.png; path = player_progress_blue.png; sourceTree = "<group>"; };
		4A7057D61991E96700D40AB1 /* player_progress_blue@2x.png */ = {isa = PBXFileReference; lastKnownFileType = image.png; path = "player_progress_blue@2x.png"; sourceTree = "<group>"; };
		4A7057D71991E96700D40AB1 /* DKAudioPlayer.h */ = {isa = PBXFileReference; fileEncoding = 4; lastKnownFileType = sourcecode.c.h; path = DKAudioPlayer.h; sourceTree = "<group>"; };
		4A7057D81991E96700D40AB1 /* DKAudioPlayer.m */ = {isa = PBXFileReference; fileEncoding = 4; lastKnownFileType = sourcecode.c.objc; path = DKAudioPlayer.m; sourceTree = "<group>"; };
		4A7057EB1991F07600D40AB1 /* SoundManager.h */ = {isa = PBXFileReference; fileEncoding = 4; lastKnownFileType = sourcecode.c.h; path = SoundManager.h; sourceTree = "<group>"; };
		4A7057EC1991F07600D40AB1 /* SoundManager.m */ = {isa = PBXFileReference; fileEncoding = 4; lastKnownFileType = sourcecode.c.objc; path = SoundManager.m; sourceTree = "<group>"; };
		4A7057F41991FC5000D40AB1 /* track1.caf */ = {isa = PBXFileReference; lastKnownFileType = file; path = track1.caf; sourceTree = "<group>"; };
		4A7057F6199204B600D40AB1 /* MasterViewController.h */ = {isa = PBXFileReference; fileEncoding = 4; lastKnownFileType = sourcecode.c.h; path = MasterViewController.h; sourceTree = "<group>"; };
		4A7057F7199204B600D40AB1 /* MasterViewController.m */ = {isa = PBXFileReference; fileEncoding = 4; lastKnownFileType = sourcecode.c.objc; path = MasterViewController.m; sourceTree = "<group>"; };
		4A7057F8199204B600D40AB1 /* MasterViewController.xib */ = {isa = PBXFileReference; fileEncoding = 4; lastKnownFileType = file.xib; path = MasterViewController.xib; sourceTree = "<group>"; };
		4A7057FB19920C1500D40AB1 /* ServerManager.h */ = {isa = PBXFileReference; fileEncoding = 4; lastKnownFileType = sourcecode.c.h; path = ServerManager.h; sourceTree = "<group>"; };
		4A7057FC19920C1500D40AB1 /* ServerManager.m */ = {isa = PBXFileReference; fileEncoding = 4; lastKnownFileType = sourcecode.c.objc; path = ServerManager.m; sourceTree = "<group>"; };
		4A7057FE19920F4F00D40AB1 /* PlayListManager.h */ = {isa = PBXFileReference; fileEncoding = 4; lastKnownFileType = sourcecode.c.h; path = PlayListManager.h; sourceTree = "<group>"; };
		4A7057FF19920F4F00D40AB1 /* PlayListManager.m */ = {isa = PBXFileReference; fileEncoding = 4; lastKnownFileType = sourcecode.c.objc; path = PlayListManager.m; sourceTree = "<group>"; };
		4A70580119976D9400D40AB1 /* SongMetadata.h */ = {isa = PBXFileReference; fileEncoding = 4; lastKnownFileType = sourcecode.c.h; path = SongMetadata.h; sourceTree = "<group>"; };
		4A70580219976D9400D40AB1 /* SongMetadata.m */ = {isa = PBXFileReference; fileEncoding = 4; lastKnownFileType = sourcecode.c.objc; path = SongMetadata.m; sourceTree = "<group>"; };
		4A7058041997819300D40AB1 /* EXTKeyPathCoding.h */ = {isa = PBXFileReference; lastKnownFileType = sourcecode.c.h; path = EXTKeyPathCoding.h; sourceTree = "<group>"; };
		4A705805199B571300D40AB1 /* FullScreenView.xib */ = {isa = PBXFileReference; fileEncoding = 4; lastKnownFileType = file.xib; path = FullScreenView.xib; sourceTree = "<group>"; };
		4A705807199B574900D40AB1 /* FullsScreenViewController.h */ = {isa = PBXFileReference; fileEncoding = 4; lastKnownFileType = sourcecode.c.h; path = FullsScreenViewController.h; sourceTree = "<group>"; };
		4A705808199B574900D40AB1 /* FullsScreenViewController.m */ = {isa = PBXFileReference; fileEncoding = 4; lastKnownFileType = sourcecode.c.objc; path = FullsScreenViewController.m; sourceTree = "<group>"; };
		4AE0F60E1990BDFD003E2BD3 /* PartyApp.app */ = {isa = PBXFileReference; explicitFileType = wrapper.application; includeInIndex = 0; path = PartyApp.app; sourceTree = BUILT_PRODUCTS_DIR; };
		4AE0F6111990BDFD003E2BD3 /* Cocoa.framework */ = {isa = PBXFileReference; lastKnownFileType = wrapper.framework; name = Cocoa.framework; path = System/Library/Frameworks/Cocoa.framework; sourceTree = SDKROOT; };
		4AE0F6141990BDFD003E2BD3 /* AppKit.framework */ = {isa = PBXFileReference; lastKnownFileType = wrapper.framework; name = AppKit.framework; path = System/Library/Frameworks/AppKit.framework; sourceTree = SDKROOT; };
		4AE0F6151990BDFD003E2BD3 /* CoreData.framework */ = {isa = PBXFileReference; lastKnownFileType = wrapper.framework; name = CoreData.framework; path = System/Library/Frameworks/CoreData.framework; sourceTree = SDKROOT; };
		4AE0F6161990BDFD003E2BD3 /* Foundation.framework */ = {isa = PBXFileReference; lastKnownFileType = wrapper.framework; name = Foundation.framework; path = System/Library/Frameworks/Foundation.framework; sourceTree = SDKROOT; };
		4AE0F6191990BDFD003E2BD3 /* PartyApp-Info.plist */ = {isa = PBXFileReference; lastKnownFileType = text.plist.xml; path = "PartyApp-Info.plist"; sourceTree = "<group>"; };
		4AE0F61B1990BDFD003E2BD3 /* en */ = {isa = PBXFileReference; lastKnownFileType = text.plist.strings; name = en; path = en.lproj/InfoPlist.strings; sourceTree = "<group>"; };
		4AE0F61D1990BDFD003E2BD3 /* main.m */ = {isa = PBXFileReference; lastKnownFileType = sourcecode.c.objc; path = main.m; sourceTree = "<group>"; };
		4AE0F61F1990BDFD003E2BD3 /* PartyApp-Prefix.pch */ = {isa = PBXFileReference; lastKnownFileType = sourcecode.c.h; path = "PartyApp-Prefix.pch"; sourceTree = "<group>"; };
		4AE0F6211990BDFD003E2BD3 /* en */ = {isa = PBXFileReference; lastKnownFileType = text.rtf; name = en; path = en.lproj/Credits.rtf; sourceTree = "<group>"; };
		4AE0F6231990BDFD003E2BD3 /* AppDelegate.h */ = {isa = PBXFileReference; lastKnownFileType = sourcecode.c.h; path = AppDelegate.h; sourceTree = "<group>"; };
		4AE0F6241990BDFD003E2BD3 /* AppDelegate.m */ = {isa = PBXFileReference; lastKnownFileType = sourcecode.c.objc; path = AppDelegate.m; sourceTree = "<group>"; };
		4AE0F6271990BDFD003E2BD3 /* Base */ = {isa = PBXFileReference; lastKnownFileType = file.xib; name = Base; path = Base.lproj/MainMenu.xib; sourceTree = "<group>"; };
		4AE0F6291990BDFD003E2BD3 /* Images.xcassets */ = {isa = PBXFileReference; lastKnownFileType = folder.assetcatalog; path = Images.xcassets; sourceTree = "<group>"; };
		4AE0F62F1990BDFD003E2BD3 /* PartyAppTests.xctest */ = {isa = PBXFileReference; explicitFileType = wrapper.cfbundle; includeInIndex = 0; path = PartyAppTests.xctest; sourceTree = BUILT_PRODUCTS_DIR; };
		4AE0F6301990BDFD003E2BD3 /* XCTest.framework */ = {isa = PBXFileReference; lastKnownFileType = wrapper.framework; name = XCTest.framework; path = Library/Frameworks/XCTest.framework; sourceTree = DEVELOPER_DIR; };
		4AE0F6371990BDFD003E2BD3 /* PartyAppTests-Info.plist */ = {isa = PBXFileReference; lastKnownFileType = text.plist.xml; path = "PartyAppTests-Info.plist"; sourceTree = "<group>"; };
		4AE0F6391990BDFD003E2BD3 /* en */ = {isa = PBXFileReference; lastKnownFileType = text.plist.strings; name = en; path = en.lproj/InfoPlist.strings; sourceTree = "<group>"; };
		4AE0F63B1990BDFD003E2BD3 /* PartyAppTests.m */ = {isa = PBXFileReference; lastKnownFileType = sourcecode.c.objc; path = PartyAppTests.m; sourceTree = "<group>"; };
		4AE0F6491990BEE6003E2BD3 /* ASICacheDelegate.h */ = {isa = PBXFileReference; fileEncoding = 4; lastKnownFileType = sourcecode.c.h; path = ASICacheDelegate.h; sourceTree = "<group>"; };
		4AE0F64A1990BEE6003E2BD3 /* ASIDataCompressor.h */ = {isa = PBXFileReference; fileEncoding = 4; lastKnownFileType = sourcecode.c.h; path = ASIDataCompressor.h; sourceTree = "<group>"; };
		4AE0F64B1990BEE6003E2BD3 /* ASIDataCompressor.m */ = {isa = PBXFileReference; fileEncoding = 4; lastKnownFileType = sourcecode.c.objc; path = ASIDataCompressor.m; sourceTree = "<group>"; };
		4AE0F64C1990BEE6003E2BD3 /* ASIDataDecompressor.h */ = {isa = PBXFileReference; fileEncoding = 4; lastKnownFileType = sourcecode.c.h; path = ASIDataDecompressor.h; sourceTree = "<group>"; };
		4AE0F64D1990BEE6003E2BD3 /* ASIDataDecompressor.m */ = {isa = PBXFileReference; fileEncoding = 4; lastKnownFileType = sourcecode.c.objc; path = ASIDataDecompressor.m; sourceTree = "<group>"; };
		4AE0F64E1990BEE6003E2BD3 /* ASIDownloadCache.h */ = {isa = PBXFileReference; fileEncoding = 4; lastKnownFileType = sourcecode.c.h; path = ASIDownloadCache.h; sourceTree = "<group>"; };
		4AE0F64F1990BEE6003E2BD3 /* ASIDownloadCache.m */ = {isa = PBXFileReference; fileEncoding = 4; lastKnownFileType = sourcecode.c.objc; path = ASIDownloadCache.m; sourceTree = "<group>"; };
		4AE0F6501990BEE6003E2BD3 /* ASIFormDataRequest.h */ = {isa = PBXFileReference; fileEncoding = 4; lastKnownFileType = sourcecode.c.h; path = ASIFormDataRequest.h; sourceTree = "<group>"; };
		4AE0F6511990BEE6003E2BD3 /* ASIFormDataRequest.m */ = {isa = PBXFileReference; fileEncoding = 4; lastKnownFileType = sourcecode.c.objc; path = ASIFormDataRequest.m; sourceTree = "<group>"; };
		4AE0F6521990BEE6003E2BD3 /* ASIHTTPRequest.h */ = {isa = PBXFileReference; fileEncoding = 4; lastKnownFileType = sourcecode.c.h; path = ASIHTTPRequest.h; sourceTree = "<group>"; };
		4AE0F6531990BEE6003E2BD3 /* ASIHTTPRequest.m */ = {isa = PBXFileReference; fileEncoding = 4; lastKnownFileType = sourcecode.c.objc; path = ASIHTTPRequest.m; sourceTree = "<group>"; };
		4AE0F6541990BEE6003E2BD3 /* ASIHTTPRequestConfig.h */ = {isa = PBXFileReference; fileEncoding = 4; lastKnownFileType = sourcecode.c.h; path = ASIHTTPRequestConfig.h; sourceTree = "<group>"; };
		4AE0F6551990BEE6003E2BD3 /* ASIHTTPRequestDelegate.h */ = {isa = PBXFileReference; fileEncoding = 4; lastKnownFileType = sourcecode.c.h; path = ASIHTTPRequestDelegate.h; sourceTree = "<group>"; };
		4AE0F6561990BEE6003E2BD3 /* ASIInputStream.h */ = {isa = PBXFileReference; fileEncoding = 4; lastKnownFileType = sourcecode.c.h; path = ASIInputStream.h; sourceTree = "<group>"; };
		4AE0F6571990BEE6003E2BD3 /* ASIInputStream.m */ = {isa = PBXFileReference; fileEncoding = 4; lastKnownFileType = sourcecode.c.objc; path = ASIInputStream.m; sourceTree = "<group>"; };
		4AE0F6581990BEE6003E2BD3 /* ASINetworkQueue.h */ = {isa = PBXFileReference; fileEncoding = 4; lastKnownFileType = sourcecode.c.h; path = ASINetworkQueue.h; sourceTree = "<group>"; };
		4AE0F6591990BEE6003E2BD3 /* ASINetworkQueue.m */ = {isa = PBXFileReference; fileEncoding = 4; lastKnownFileType = sourcecode.c.objc; path = ASINetworkQueue.m; sourceTree = "<group>"; };
		4AE0F65A1990BEE6003E2BD3 /* ASIProgressDelegate.h */ = {isa = PBXFileReference; fileEncoding = 4; lastKnownFileType = sourcecode.c.h; path = ASIProgressDelegate.h; sourceTree = "<group>"; };
		4AE0F6BE1990E160003E2BD3 /* CFNetwork.framework */ = {isa = PBXFileReference; lastKnownFileType = wrapper.framework; name = CFNetwork.framework; path = System/Library/Frameworks/CFNetwork.framework; sourceTree = SDKROOT; };
		4AE0F6C01990E175003E2BD3 /* SystemConfiguration.framework */ = {isa = PBXFileReference; lastKnownFileType = wrapper.framework; name = SystemConfiguration.framework; path = System/Library/Frameworks/SystemConfiguration.framework; sourceTree = SDKROOT; };
		4AE0F6C21990E18D003E2BD3 /* CoreGraphics.framework */ = {isa = PBXFileReference; lastKnownFileType = wrapper.framework; name = CoreGraphics.framework; path = System/Library/Frameworks/CoreGraphics.framework; sourceTree = SDKROOT; };
		4AE0F6C41990E198003E2BD3 /* libz.dylib */ = {isa = PBXFileReference; lastKnownFileType = "compiled.mach-o.dylib"; name = libz.dylib; path = usr/lib/libz.dylib; sourceTree = SDKROOT; };
		4AF45E0219AC7963009EC8D3 /* SongBrowserViewController.h */ = {isa = PBXFileReference; fileEncoding = 4; lastKnownFileType = sourcecode.c.h; path = SongBrowserViewController.h; sourceTree = "<group>"; };
		4AF45E0319AC7963009EC8D3 /* SongBrowserViewController.m */ = {isa = PBXFileReference; fileEncoding = 4; lastKnownFileType = sourcecode.c.objc; path = SongBrowserViewController.m; sourceTree = "<group>"; };
		4AF45E0419AC7963009EC8D3 /* SongBrowserViewController.xib */ = {isa = PBXFileReference; fileEncoding = 4; lastKnownFileType = file.xib; path = SongBrowserViewController.xib; sourceTree = "<group>"; };
/* End PBXFileReference section */

/* Begin PBXFrameworksBuildPhase section */
		4AE0F60B1990BDFD003E2BD3 /* Frameworks */ = {
			isa = PBXFrameworksBuildPhase;
			buildActionMask = 2147483647;
			files = (
				4AE0F6C51990E198003E2BD3 /* libz.dylib in Frameworks */,
				4AE0F6C31990E18D003E2BD3 /* CoreGraphics.framework in Frameworks */,
				4AE0F6C11990E175003E2BD3 /* SystemConfiguration.framework in Frameworks */,
				4AE0F6BF1990E160003E2BD3 /* CFNetwork.framework in Frameworks */,
				4AE0F6121990BDFD003E2BD3 /* Cocoa.framework in Frameworks */,
			);
			runOnlyForDeploymentPostprocessing = 0;
		};
		4AE0F62C1990BDFD003E2BD3 /* Frameworks */ = {
			isa = PBXFrameworksBuildPhase;
			buildActionMask = 2147483647;
			files = (
				4AE0F6321990BDFD003E2BD3 /* Cocoa.framework in Frameworks */,
				4AE0F6311990BDFD003E2BD3 /* XCTest.framework in Frameworks */,
			);
			runOnlyForDeploymentPostprocessing = 0;
		};
/* End PBXFrameworksBuildPhase section */

/* Begin PBXGroup section */
		4A7057C51991E96700D40AB1 /* DKAudioPlayer */ = {
			isa = PBXGroup;
			children = (
				4A7057C61991E96700D40AB1 /* Assets */,
				4A7057D71991E96700D40AB1 /* DKAudioPlayer.h */,
				4A7057D81991E96700D40AB1 /* DKAudioPlayer.m */,
			);
			path = DKAudioPlayer;
			sourceTree = "<group>";
		};
		4A7057C61991E96700D40AB1 /* Assets */ = {
			isa = PBXGroup;
			children = (
				4A7057C71991E96700D40AB1 /* player_bg.png */,
				4A7057C81991E96700D40AB1 /* player_bg@2x.png */,
				4A7057C91991E96700D40AB1 /* player_bubble.png */,
				4A7057CA1991E96700D40AB1 /* player_bubble@2x.png */,
				4A7057CB1991E96700D40AB1 /* player_circle.png */,
				4A7057CC1991E96700D40AB1 /* player_circle@2x.png */,
				4A7057CD1991E96700D40AB1 /* player_pause.png */,
				4A7057CE1991E96700D40AB1 /* player_pause@2x.png */,
				4A7057CF1991E96700D40AB1 /* player_play.png */,
				4A7057D01991E96700D40AB1 /* player_play@2x.png */,
				4A7057D11991E96700D40AB1 /* player_player_bg.png */,
				4A7057D21991E96700D40AB1 /* player_player_bg@2x.png */,
				4A7057D31991E96700D40AB1 /* player_progress_bg.png */,
				4A7057D41991E96700D40AB1 /* player_progress_bg@2x.png */,
				4A7057D51991E96700D40AB1 /* player_progress_blue.png */,
				4A7057D61991E96700D40AB1 /* player_progress_blue@2x.png */,
			);
			path = Assets;
			sourceTree = "<group>";
		};
		4A7057EA1991F02F00D40AB1 /* SoundManager */ = {
			isa = PBXGroup;
			children = (
				4A7057EB1991F07600D40AB1 /* SoundManager.h */,
				4A7057EC1991F07600D40AB1 /* SoundManager.m */,
			);
			name = SoundManager;
			sourceTree = "<group>";
		};
		4AE0F6051990BDFD003E2BD3 = {
			isa = PBXGroup;
			children = (
				4AE0F6171990BDFD003E2BD3 /* PartyApp */,
				4AE0F6351990BDFD003E2BD3 /* PartyAppTests */,
				4AE0F6101990BDFD003E2BD3 /* Frameworks */,
				4AE0F60F1990BDFD003E2BD3 /* Products */,
			);
			sourceTree = "<group>";
		};
		4AE0F60F1990BDFD003E2BD3 /* Products */ = {
			isa = PBXGroup;
			children = (
				4AE0F60E1990BDFD003E2BD3 /* PartyApp.app */,
				4AE0F62F1990BDFD003E2BD3 /* PartyAppTests.xctest */,
			);
			name = Products;
			sourceTree = "<group>";
		};
		4AE0F6101990BDFD003E2BD3 /* Frameworks */ = {
			isa = PBXGroup;
			children = (
				4AE0F6C41990E198003E2BD3 /* libz.dylib */,
				4AE0F6C21990E18D003E2BD3 /* CoreGraphics.framework */,
				4AE0F6C01990E175003E2BD3 /* SystemConfiguration.framework */,
				4AE0F6BE1990E160003E2BD3 /* CFNetwork.framework */,
				4AE0F6111990BDFD003E2BD3 /* Cocoa.framework */,
				4AE0F6301990BDFD003E2BD3 /* XCTest.framework */,
				4AE0F6131990BDFD003E2BD3 /* Other Frameworks */,
			);
			name = Frameworks;
			sourceTree = "<group>";
		};
		4AE0F6131990BDFD003E2BD3 /* Other Frameworks */ = {
			isa = PBXGroup;
			children = (
				4AE0F6141990BDFD003E2BD3 /* AppKit.framework */,
				4AE0F6151990BDFD003E2BD3 /* CoreData.framework */,
				4AE0F6161990BDFD003E2BD3 /* Foundation.framework */,
			);
			name = "Other Frameworks";
			sourceTree = "<group>";
		};
		4AE0F6171990BDFD003E2BD3 /* PartyApp */ = {
			isa = PBXGroup;
			children = (
				4A7057EA1991F02F00D40AB1 /* SoundManager */,
				4A7057C51991E96700D40AB1 /* DKAudioPlayer */,
				4AE0F6451990BED1003E2BD3 /* ASIHttp */,
				4AE0F6231990BDFD003E2BD3 /* AppDelegate.h */,
				4AE0F6241990BDFD003E2BD3 /* AppDelegate.m */,
				4A7057FB19920C1500D40AB1 /* ServerManager.h */,
				4A7057FC19920C1500D40AB1 /* ServerManager.m */,
				4A7057FE19920F4F00D40AB1 /* PlayListManager.h */,
				4A7057FF19920F4F00D40AB1 /* PlayListManager.m */,
				4A7057F6199204B600D40AB1 /* MasterViewController.h */,
				4A7058041997819300D40AB1 /* EXTKeyPathCoding.h */,
				4A7057F7199204B600D40AB1 /* MasterViewController.m */,
				4A7057F8199204B600D40AB1 /* MasterViewController.xib */,
				4A70580119976D9400D40AB1 /* SongMetadata.h */,
				4A70580219976D9400D40AB1 /* SongMetadata.m */,
				4AE0F6261990BDFD003E2BD3 /* MainMenu.xib */,
				4A705805199B571300D40AB1 /* FullScreenView.xib */,
				4AF45E0219AC7963009EC8D3 /* SongBrowserViewController.h */,
				4AF45E0319AC7963009EC8D3 /* SongBrowserViewController.m */,
				4AF45E0419AC7963009EC8D3 /* SongBrowserViewController.xib */,
				4A705807199B574900D40AB1 /* FullsScreenViewController.h */,
				4A705808199B574900D40AB1 /* FullsScreenViewController.m */,
				4AE0F6291990BDFD003E2BD3 /* Images.xcassets */,
				4AE0F6181990BDFD003E2BD3 /* Supporting Files */,
			);
			path = PartyApp;
			sourceTree = "<group>";
		};
		4AE0F6181990BDFD003E2BD3 /* Supporting Files */ = {
			isa = PBXGroup;
			children = (
				4A7057F41991FC5000D40AB1 /* track1.caf */,
				4AE0F6191990BDFD003E2BD3 /* PartyApp-Info.plist */,
				4AE0F61A1990BDFD003E2BD3 /* InfoPlist.strings */,
				4AE0F61D1990BDFD003E2BD3 /* main.m */,
				4AE0F61F1990BDFD003E2BD3 /* PartyApp-Prefix.pch */,
				4AE0F6201990BDFD003E2BD3 /* Credits.rtf */,
			);
			name = "Supporting Files";
			sourceTree = "<group>";
		};
		4AE0F6351990BDFD003E2BD3 /* PartyAppTests */ = {
			isa = PBXGroup;
			children = (
				4AE0F63B1990BDFD003E2BD3 /* PartyAppTests.m */,
				4AE0F6361990BDFD003E2BD3 /* Supporting Files */,
			);
			path = PartyAppTests;
			sourceTree = "<group>";
		};
		4AE0F6361990BDFD003E2BD3 /* Supporting Files */ = {
			isa = PBXGroup;
			children = (
				4AE0F6371990BDFD003E2BD3 /* PartyAppTests-Info.plist */,
				4AE0F6381990BDFD003E2BD3 /* InfoPlist.strings */,
			);
			name = "Supporting Files";
			sourceTree = "<group>";
		};
		4AE0F6451990BED1003E2BD3 /* ASIHttp */ = {
			isa = PBXGroup;
			children = (
				4AE0F6461990BEE6003E2BD3 /* Classes */,
			);
			name = ASIHttp;
			sourceTree = "<group>";
		};
		4AE0F6461990BEE6003E2BD3 /* Classes */ = {
			isa = PBXGroup;
			children = (
				4AE0F6491990BEE6003E2BD3 /* ASICacheDelegate.h */,
				4AE0F64A1990BEE6003E2BD3 /* ASIDataCompressor.h */,
				4AE0F64B1990BEE6003E2BD3 /* ASIDataCompressor.m */,
				4AE0F64C1990BEE6003E2BD3 /* ASIDataDecompressor.h */,
				4AE0F64D1990BEE6003E2BD3 /* ASIDataDecompressor.m */,
				4AE0F64E1990BEE6003E2BD3 /* ASIDownloadCache.h */,
				4AE0F64F1990BEE6003E2BD3 /* ASIDownloadCache.m */,
				4AE0F6501990BEE6003E2BD3 /* ASIFormDataRequest.h */,
				4AE0F6511990BEE6003E2BD3 /* ASIFormDataRequest.m */,
				4AE0F6521990BEE6003E2BD3 /* ASIHTTPRequest.h */,
				4AE0F6531990BEE6003E2BD3 /* ASIHTTPRequest.m */,
				4AE0F6541990BEE6003E2BD3 /* ASIHTTPRequestConfig.h */,
				4AE0F6551990BEE6003E2BD3 /* ASIHTTPRequestDelegate.h */,
				4AE0F6561990BEE6003E2BD3 /* ASIInputStream.h */,
				4AE0F6571990BEE6003E2BD3 /* ASIInputStream.m */,
				4AE0F6581990BEE6003E2BD3 /* ASINetworkQueue.h */,
				4AE0F6591990BEE6003E2BD3 /* ASINetworkQueue.m */,
				4AE0F65A1990BEE6003E2BD3 /* ASIProgressDelegate.h */,
			);
			path = Classes;
			sourceTree = "<group>";
		};
/* End PBXGroup section */

/* Begin PBXNativeTarget section */
		4AE0F60D1990BDFD003E2BD3 /* PartyApp */ = {
			isa = PBXNativeTarget;
			buildConfigurationList = 4AE0F63F1990BDFD003E2BD3 /* Build configuration list for PBXNativeTarget "PartyApp" */;
			buildPhases = (
				4AE0F60A1990BDFD003E2BD3 /* Sources */,
				4AE0F60B1990BDFD003E2BD3 /* Frameworks */,
				4AE0F60C1990BDFD003E2BD3 /* Resources */,
			);
			buildRules = (
			);
			dependencies = (
			);
			name = PartyApp;
			productName = PartyApp;
			productReference = 4AE0F60E1990BDFD003E2BD3 /* PartyApp.app */;
			productType = "com.apple.product-type.application";
		};
		4AE0F62E1990BDFD003E2BD3 /* PartyAppTests */ = {
			isa = PBXNativeTarget;
			buildConfigurationList = 4AE0F6421990BDFD003E2BD3 /* Build configuration list for PBXNativeTarget "PartyAppTests" */;
			buildPhases = (
				4AE0F62B1990BDFD003E2BD3 /* Sources */,
				4AE0F62C1990BDFD003E2BD3 /* Frameworks */,
				4AE0F62D1990BDFD003E2BD3 /* Resources */,
			);
			buildRules = (
			);
			dependencies = (
				4AE0F6341990BDFD003E2BD3 /* PBXTargetDependency */,
			);
			name = PartyAppTests;
			productName = PartyAppTests;
			productReference = 4AE0F62F1990BDFD003E2BD3 /* PartyAppTests.xctest */;
			productType = "com.apple.product-type.bundle.unit-test";
		};
/* End PBXNativeTarget section */

/* Begin PBXProject section */
		4AE0F6061990BDFD003E2BD3 /* Project object */ = {
			isa = PBXProject;
			attributes = {
				LastUpgradeCheck = 0510;
				ORGANIZATIONNAME = "___FULLUSERNAME___";
				TargetAttributes = {
					4AE0F62E1990BDFD003E2BD3 = {
						TestTargetID = 4AE0F60D1990BDFD003E2BD3;
					};
				};
			};
			buildConfigurationList = 4AE0F6091990BDFD003E2BD3 /* Build configuration list for PBXProject "PartyApp" */;
			compatibilityVersion = "Xcode 3.2";
			developmentRegion = English;
			hasScannedForEncodings = 0;
			knownRegions = (
				en,
				Base,
			);
			mainGroup = 4AE0F6051990BDFD003E2BD3;
			productRefGroup = 4AE0F60F1990BDFD003E2BD3 /* Products */;
			projectDirPath = "";
			projectRoot = "";
			targets = (
				4AE0F60D1990BDFD003E2BD3 /* PartyApp */,
				4AE0F62E1990BDFD003E2BD3 /* PartyAppTests */,
			);
		};
/* End PBXProject section */

/* Begin PBXResourcesBuildPhase section */
		4AE0F60C1990BDFD003E2BD3 /* Resources */ = {
			isa = PBXResourcesBuildPhase;
			buildActionMask = 2147483647;
			files = (
				4AF45E0619AC7963009EC8D3 /* SongBrowserViewController.xib in Resources */,
				4A7057FA199204B600D40AB1 /* MasterViewController.xib in Resources */,
				4AE0F61C1990BDFD003E2BD3 /* InfoPlist.strings in Resources */,
				4A7057E21991E96700D40AB1 /* player_play@2x.png in Resources */,
				4A7057DC1991E96700D40AB1 /* player_bubble@2x.png in Resources */,
				4AE0F62A1990BDFD003E2BD3 /* Images.xcassets in Resources */,
				4A705806199B571300D40AB1 /* FullScreenView.xib in Resources */,
				4A7057D91991E96700D40AB1 /* player_bg.png in Resources */,
				4A7057E71991E96700D40AB1 /* player_progress_blue.png in Resources */,
				4A7057E41991E96700D40AB1 /* player_player_bg@2x.png in Resources */,
				4AE0F6221990BDFD003E2BD3 /* Credits.rtf in Resources */,
				4A7057E11991E96700D40AB1 /* player_play.png in Resources */,
				4A7057F51991FC5600D40AB1 /* track1.caf in Resources */,
				4A7057DA1991E96700D40AB1 /* player_bg@2x.png in Resources */,
				4AE0F6281990BDFD003E2BD3 /* MainMenu.xib in Resources */,
				4A7057DE1991E96700D40AB1 /* player_circle@2x.png in Resources */,
				4A7057DF1991E96700D40AB1 /* player_pause.png in Resources */,
				4A7057DB1991E96700D40AB1 /* player_bubble.png in Resources */,
				4A7057E01991E96700D40AB1 /* player_pause@2x.png in Resources */,
				4A7057E51991E96700D40AB1 /* player_progress_bg.png in Resources */,
				4A7057E81991E96700D40AB1 /* player_progress_blue@2x.png in Resources */,
				4A7057E31991E96700D40AB1 /* player_player_bg.png in Resources */,
				4A7057DD1991E96700D40AB1 /* player_circle.png in Resources */,
				4A7057E61991E96700D40AB1 /* player_progress_bg@2x.png in Resources */,
			);
			runOnlyForDeploymentPostprocessing = 0;
		};
		4AE0F62D1990BDFD003E2BD3 /* Resources */ = {
			isa = PBXResourcesBuildPhase;
			buildActionMask = 2147483647;
			files = (
				4AE0F63A1990BDFD003E2BD3 /* InfoPlist.strings in Resources */,
			);
			runOnlyForDeploymentPostprocessing = 0;
		};
/* End PBXResourcesBuildPhase section */

/* Begin PBXSourcesBuildPhase section */
		4AE0F60A1990BDFD003E2BD3 /* Sources */ = {
			isa = PBXSourcesBuildPhase;
			buildActionMask = 2147483647;
			files = (
				4AF45E0519AC7963009EC8D3 /* SongBrowserViewController.m in Sources */,
				4A7057FD19920C1500D40AB1 /* ServerManager.m in Sources */,
				4AE0F69D1990BEE6003E2BD3 /* ASIFormDataRequest.m in Sources */,
				4AE0F69E1990BEE6003E2BD3 /* ASIHTTPRequest.m in Sources */,
				4AE0F6251990BDFD003E2BD3 /* AppDelegate.m in Sources */,
				4AE0F6A01990BEE6003E2BD3 /* ASINetworkQueue.m in Sources */,
				4A705809199B574900D40AB1 /* FullsScreenViewController.m in Sources */,
				4A70580319976D9400D40AB1 /* SongMetadata.m in Sources */,
				4A70580019920F4F00D40AB1 /* PlayListManager.m in Sources */,
				4AE0F69C1990BEE6003E2BD3 /* ASIDownloadCache.m in Sources */,
				4AE0F69F1990BEE6003E2BD3 /* ASIInputStream.m in Sources */,
				4A7057F9199204B600D40AB1 /* MasterViewController.m in Sources */,
				4AE0F69A1990BEE6003E2BD3 /* ASIDataCompressor.m in Sources */,
				4AE0F61E1990BDFD003E2BD3 /* main.m in Sources */,
				4AE0F69B1990BEE6003E2BD3 /* ASIDataDecompressor.m in Sources */,
				4A7057ED1991F07600D40AB1 /* SoundManager.m in Sources */,
			);
			runOnlyForDeploymentPostprocessing = 0;
		};
		4AE0F62B1990BDFD003E2BD3 /* Sources */ = {
			isa = PBXSourcesBuildPhase;
			buildActionMask = 2147483647;
			files = (
				4AE0F63C1990BDFD003E2BD3 /* PartyAppTests.m in Sources */,
			);
			runOnlyForDeploymentPostprocessing = 0;
		};
/* End PBXSourcesBuildPhase section */

/* Begin PBXTargetDependency section */
		4AE0F6341990BDFD003E2BD3 /* PBXTargetDependency */ = {
			isa = PBXTargetDependency;
			target = 4AE0F60D1990BDFD003E2BD3 /* PartyApp */;
			targetProxy = 4AE0F6331990BDFD003E2BD3 /* PBXContainerItemProxy */;
		};
/* End PBXTargetDependency section */

/* Begin PBXVariantGroup section */
		4AE0F61A1990BDFD003E2BD3 /* InfoPlist.strings */ = {
			isa = PBXVariantGroup;
			children = (
				4AE0F61B1990BDFD003E2BD3 /* en */,
			);
			name = InfoPlist.strings;
			sourceTree = "<group>";
		};
		4AE0F6201990BDFD003E2BD3 /* Credits.rtf */ = {
			isa = PBXVariantGroup;
			children = (
				4AE0F6211990BDFD003E2BD3 /* en */,
			);
			name = Credits.rtf;
			sourceTree = "<group>";
		};
		4AE0F6261990BDFD003E2BD3 /* MainMenu.xib */ = {
			isa = PBXVariantGroup;
			children = (
				4AE0F6271990BDFD003E2BD3 /* Base */,
			);
			name = MainMenu.xib;
			sourceTree = "<group>";
		};
		4AE0F6381990BDFD003E2BD3 /* InfoPlist.strings */ = {
			isa = PBXVariantGroup;
			children = (
				4AE0F6391990BDFD003E2BD3 /* en */,
			);
			name = InfoPlist.strings;
			sourceTree = "<group>";
		};
/* End PBXVariantGroup section */

/* Begin XCBuildConfiguration section */
		4AE0F63D1990BDFD003E2BD3 /* Debug */ = {
			isa = XCBuildConfiguration;
			buildSettings = {
				ALWAYS_SEARCH_USER_PATHS = NO;
				CLANG_CXX_LANGUAGE_STANDARD = "gnu++0x";
				CLANG_CXX_LIBRARY = "libc++";
				CLANG_ENABLE_MODULES = YES;
				CLANG_ENABLE_OBJC_ARC = YES;
				CLANG_WARN_BOOL_CONVERSION = YES;
				CLANG_WARN_CONSTANT_CONVERSION = YES;
				CLANG_WARN_DIRECT_OBJC_ISA_USAGE = YES_ERROR;
				CLANG_WARN_EMPTY_BODY = YES;
				CLANG_WARN_ENUM_CONVERSION = YES;
				CLANG_WARN_INT_CONVERSION = YES;
				CLANG_WARN_OBJC_ROOT_CLASS = YES_ERROR;
				CLANG_WARN__DUPLICATE_METHOD_MATCH = YES;
				COPY_PHASE_STRIP = NO;
				GCC_C_LANGUAGE_STANDARD = gnu99;
				GCC_DYNAMIC_NO_PIC = NO;
				GCC_ENABLE_OBJC_EXCEPTIONS = YES;
				GCC_OPTIMIZATION_LEVEL = 0;
				GCC_PREPROCESSOR_DEFINITIONS = (
					"DEBUG=1",
					"$(inherited)",
				);
				GCC_SYMBOLS_PRIVATE_EXTERN = NO;
				GCC_WARN_64_TO_32_BIT_CONVERSION = YES;
				GCC_WARN_ABOUT_RETURN_TYPE = YES_ERROR;
				GCC_WARN_UNDECLARED_SELECTOR = YES;
				GCC_WARN_UNINITIALIZED_AUTOS = YES_AGGRESSIVE;
				GCC_WARN_UNUSED_FUNCTION = YES;
				GCC_WARN_UNUSED_VARIABLE = YES;
				MACOSX_DEPLOYMENT_TARGET = 10.8;
				ONLY_ACTIVE_ARCH = YES;
				SDKROOT = macosx;
			};
			name = Debug;
		};
		4AE0F63E1990BDFD003E2BD3 /* Release */ = {
			isa = XCBuildConfiguration;
			buildSettings = {
				ALWAYS_SEARCH_USER_PATHS = NO;
				CLANG_CXX_LANGUAGE_STANDARD = "gnu++0x";
				CLANG_CXX_LIBRARY = "libc++";
				CLANG_ENABLE_MODULES = YES;
				CLANG_ENABLE_OBJC_ARC = YES;
				CLANG_WARN_BOOL_CONVERSION = YES;
				CLANG_WARN_CONSTANT_CONVERSION = YES;
				CLANG_WARN_DIRECT_OBJC_ISA_USAGE = YES_ERROR;
				CLANG_WARN_EMPTY_BODY = YES;
				CLANG_WARN_ENUM_CONVERSION = YES;
				CLANG_WARN_INT_CONVERSION = YES;
				CLANG_WARN_OBJC_ROOT_CLASS = YES_ERROR;
				CLANG_WARN__DUPLICATE_METHOD_MATCH = YES;
				COPY_PHASE_STRIP = YES;
				DEBUG_INFORMATION_FORMAT = "dwarf-with-dsym";
				ENABLE_NS_ASSERTIONS = NO;
				GCC_C_LANGUAGE_STANDARD = gnu99;
				GCC_ENABLE_OBJC_EXCEPTIONS = YES;
				GCC_WARN_64_TO_32_BIT_CONVERSION = YES;
				GCC_WARN_ABOUT_RETURN_TYPE = YES_ERROR;
				GCC_WARN_UNDECLARED_SELECTOR = YES;
				GCC_WARN_UNINITIALIZED_AUTOS = YES_AGGRESSIVE;
				GCC_WARN_UNUSED_FUNCTION = YES;
				GCC_WARN_UNUSED_VARIABLE = YES;
				MACOSX_DEPLOYMENT_TARGET = 10.8;
				SDKROOT = macosx;
			};
			name = Release;
		};
		4AE0F6401990BDFD003E2BD3 /* Debug */ = {
			isa = XCBuildConfiguration;
			buildSettings = {
				ASSETCATALOG_COMPILER_APPICON_NAME = AppIcon;
				COMBINE_HIDPI_IMAGES = YES;
				GCC_PRECOMPILE_PREFIX_HEADER = YES;
				GCC_PREFIX_HEADER = "PartyApp/PartyApp-Prefix.pch";
				INFOPLIST_FILE = "PartyApp/PartyApp-Info.plist";
				PRODUCT_NAME = "$(TARGET_NAME)";
				WRAPPER_EXTENSION = app;
			};
			name = Debug;
		};
		4AE0F6411990BDFD003E2BD3 /* Release */ = {
			isa = XCBuildConfiguration;
			buildSettings = {
				ASSETCATALOG_COMPILER_APPICON_NAME = AppIcon;
				COMBINE_HIDPI_IMAGES = YES;
				GCC_PRECOMPILE_PREFIX_HEADER = YES;
				GCC_PREFIX_HEADER = "PartyApp/PartyApp-Prefix.pch";
				INFOPLIST_FILE = "PartyApp/PartyApp-Info.plist";
				PRODUCT_NAME = "$(TARGET_NAME)";
				WRAPPER_EXTENSION = app;
			};
			name = Release;
		};
		4AE0F6431990BDFD003E2BD3 /* Debug */ = {
			isa = XCBuildConfiguration;
			buildSettings = {
				BUNDLE_LOADER = "$(BUILT_PRODUCTS_DIR)/PartyApp.app/Contents/MacOS/PartyApp";
				COMBINE_HIDPI_IMAGES = YES;
				FRAMEWORK_SEARCH_PATHS = (
					"$(DEVELOPER_FRAMEWORKS_DIR)",
					"$(inherited)",
				);
				GCC_PRECOMPILE_PREFIX_HEADER = YES;
				GCC_PREFIX_HEADER = "PartyApp/PartyApp-Prefix.pch";
				GCC_PREPROCESSOR_DEFINITIONS = (
					"DEBUG=1",
					"$(inherited)",
				);
				INFOPLIST_FILE = "PartyAppTests/PartyAppTests-Info.plist";
				PRODUCT_NAME = "$(TARGET_NAME)";
				TEST_HOST = "$(BUNDLE_LOADER)";
				WRAPPER_EXTENSION = xctest;
			};
			name = Debug;
		};
		4AE0F6441990BDFD003E2BD3 /* Release */ = {
			isa = XCBuildConfiguration;
			buildSettings = {
				BUNDLE_LOADER = "$(BUILT_PRODUCTS_DIR)/PartyApp.app/Contents/MacOS/PartyApp";
				COMBINE_HIDPI_IMAGES = YES;
				FRAMEWORK_SEARCH_PATHS = (
					"$(DEVELOPER_FRAMEWORKS_DIR)",
					"$(inherited)",
				);
				GCC_PRECOMPILE_PREFIX_HEADER = YES;
				GCC_PREFIX_HEADER = "PartyApp/PartyApp-Prefix.pch";
				INFOPLIST_FILE = "PartyAppTests/PartyAppTests-Info.plist";
				PRODUCT_NAME = "$(TARGET_NAME)";
				TEST_HOST = "$(BUNDLE_LOADER)";
				WRAPPER_EXTENSION = xctest;
			};
			name = Release;
		};
/* End XCBuildConfiguration section */

/* Begin XCConfigurationList section */
		4AE0F6091990BDFD003E2BD3 /* Build configuration list for PBXProject "PartyApp" */ = {
			isa = XCConfigurationList;
			buildConfigurations = (
				4AE0F63D1990BDFD003E2BD3 /* Debug */,
				4AE0F63E1990BDFD003E2BD3 /* Release */,
			);
			defaultConfigurationIsVisible = 0;
			defaultConfigurationName = Release;
		};
		4AE0F63F1990BDFD003E2BD3 /* Build configuration list for PBXNativeTarget "PartyApp" */ = {
			isa = XCConfigurationList;
			buildConfigurations = (
				4AE0F6401990BDFD003E2BD3 /* Debug */,
				4AE0F6411990BDFD003E2BD3 /* Release */,
			);
			defaultConfigurationIsVisible = 0;
			defaultConfigurationName = Release;
		};
		4AE0F6421990BDFD003E2BD3 /* Build configuration list for PBXNativeTarget "PartyAppTests" */ = {
			isa = XCConfigurationList;
			buildConfigurations = (
				4AE0F6431990BDFD003E2BD3 /* Debug */,
				4AE0F6441990BDFD003E2BD3 /* Release */,
			);
			defaultConfigurationIsVisible = 0;
			defaultConfigurationName = Release;
		};
/* End XCConfigurationList section */
	};
	rootObject = 4AE0F6061990BDFD003E2BD3 /* Project object */;
}
